// !$*UTF8*$!
{
	archiveVersion = 1;
	classes = {
	};
	objectVersion = 56;
	objects = {

/* Begin PBXBuildFile section */
		2982D23429B34FC80054DC01 /* http_server.c in Sources */ = {isa = PBXBuildFile; fileRef = 2982D23329B34FC80054DC01 /* http_server.c */; };
		2982D23729B352BF0054DC01 /* logs.c in Sources */ = {isa = PBXBuildFile; fileRef = 2982D23629B352BF0054DC01 /* logs.c */; };
		2982D23A29B355580054DC01 /* request.c in Sources */ = {isa = PBXBuildFile; fileRef = 2982D23929B355580054DC01 /* request.c */; };
		29D5749729B2B3C9006723ED /* main.c in Sources */ = {isa = PBXBuildFile; fileRef = 29D5749629B2B3C9006723ED /* main.c */; };
/* End PBXBuildFile section */

/* Begin PBXCopyFilesBuildPhase section */
		29D5749129B2B3C9006723ED /* CopyFiles */ = {
			isa = PBXCopyFilesBuildPhase;
			buildActionMask = 2147483647;
			dstPath = /usr/share/man/man1/;
			dstSubfolderSpec = 0;
			files = (
			);
			runOnlyForDeploymentPostprocessing = 1;
		};
/* End PBXCopyFilesBuildPhase section */

/* Begin PBXFileReference section */
		2982D23229B34FC80054DC01 /* http_server.h */ = {isa = PBXFileReference; lastKnownFileType = sourcecode.c.h; path = http_server.h; sourceTree = "<group>"; };
		2982D23329B34FC80054DC01 /* http_server.c */ = {isa = PBXFileReference; lastKnownFileType = sourcecode.c.c; path = http_server.c; sourceTree = "<group>"; };
		2982D23529B352BF0054DC01 /* logs.h */ = {isa = PBXFileReference; lastKnownFileType = sourcecode.c.h; path = logs.h; sourceTree = "<group>"; };
		2982D23629B352BF0054DC01 /* logs.c */ = {isa = PBXFileReference; lastKnownFileType = sourcecode.c.c; path = logs.c; sourceTree = "<group>"; };
		2982D23829B355580054DC01 /* request.h */ = {isa = PBXFileReference; lastKnownFileType = sourcecode.c.h; path = request.h; sourceTree = "<group>"; };
		2982D23929B355580054DC01 /* request.c */ = {isa = PBXFileReference; lastKnownFileType = sourcecode.c.c; path = request.c; sourceTree = "<group>"; };
		29D5749329B2B3C9006723ED /* cweb */ = {isa = PBXFileReference; explicitFileType = "compiled.mach-o.executable"; includeInIndex = 0; path = cweb; sourceTree = BUILT_PRODUCTS_DIR; };
		29D5749629B2B3C9006723ED /* main.c */ = {isa = PBXFileReference; lastKnownFileType = sourcecode.c.c; path = main.c; sourceTree = "<group>"; };
/* End PBXFileReference section */

/* Begin PBXFrameworksBuildPhase section */
		29D5749029B2B3C9006723ED /* Frameworks */ = {
			isa = PBXFrameworksBuildPhase;
			buildActionMask = 2147483647;
			files = (
			);
			runOnlyForDeploymentPostprocessing = 0;
		};
/* End PBXFrameworksBuildPhase section */

/* Begin PBXGroup section */
		2982D22E29B344E80054DC01 /* libs */ = {
			isa = PBXGroup;
			children = (
				2982D23229B34FC80054DC01 /* http_server.h */,
				2982D23329B34FC80054DC01 /* http_server.c */,
				2982D23529B352BF0054DC01 /* logs.h */,
				2982D23629B352BF0054DC01 /* logs.c */,
				2982D23829B355580054DC01 /* request.h */,
				2982D23929B355580054DC01 /* request.c */,
			);
			path = libs;
			sourceTree = "<group>";
		};
		29D5748A29B2B3C9006723ED = {
			isa = PBXGroup;
			children = (
				29D5749529B2B3C9006723ED /* cweb */,
				29D5749429B2B3C9006723ED /* Products */,
			);
			sourceTree = "<group>";
		};
		29D5749429B2B3C9006723ED /* Products */ = {
			isa = PBXGroup;
			children = (
				29D5749329B2B3C9006723ED /* cweb */,
			);
			name = Products;
			sourceTree = "<group>";
		};
		29D5749529B2B3C9006723ED /* cweb */ = {
			isa = PBXGroup;
			children = (
				2982D22E29B344E80054DC01 /* libs */,
				29D5749629B2B3C9006723ED /* main.c */,
			);
			path = cweb;
			sourceTree = "<group>";
		};
/* End PBXGroup section */

/* Begin PBXNativeTarget section */
		29D5749229B2B3C9006723ED /* cweb */ = {
			isa = PBXNativeTarget;
			buildConfigurationList = 29D5749A29B2B3C9006723ED /* Build configuration list for PBXNativeTarget "cweb" */;
			buildPhases = (
				29D5748F29B2B3C9006723ED /* Sources */,
				29D5749029B2B3C9006723ED /* Frameworks */,
				29D5749129B2B3C9006723ED /* CopyFiles */,
			);
			buildRules = (
			);
			dependencies = (
			);
			name = cweb;
			productName = cweb;
			productReference = 29D5749329B2B3C9006723ED /* cweb */;
			productType = "com.apple.product-type.tool";
		};
/* End PBXNativeTarget section */

/* Begin PBXProject section */
		29D5748B29B2B3C9006723ED /* Project object */ = {
			isa = PBXProject;
			attributes = {
				BuildIndependentTargetsInParallel = 1;
				LastUpgradeCheck = 1420;
				TargetAttributes = {
					29D5749229B2B3C9006723ED = {
						CreatedOnToolsVersion = 14.2;
					};
				};
			};
			buildConfigurationList = 29D5748E29B2B3C9006723ED /* Build configuration list for PBXProject "cweb" */;
			compatibilityVersion = "Xcode 14.0";
			developmentRegion = en;
			hasScannedForEncodings = 0;
			knownRegions = (
				en,
				Base,
			);
			mainGroup = 29D5748A29B2B3C9006723ED;
			productRefGroup = 29D5749429B2B3C9006723ED /* Products */;
			projectDirPath = "";
			projectRoot = "";
			targets = (
				29D5749229B2B3C9006723ED /* cweb */,
			);
		};
/* End PBXProject section */

/* Begin PBXSourcesBuildPhase section */
		29D5748F29B2B3C9006723ED /* Sources */ = {
			isa = PBXSourcesBuildPhase;
			buildActionMask = 2147483647;
			files = (
				2982D23429B34FC80054DC01 /* http_server.c in Sources */,
				2982D23729B352BF0054DC01 /* logs.c in Sources */,
				29D5749729B2B3C9006723ED /* main.c in Sources */,
				2982D23A29B355580054DC01 /* request.c in Sources */,
			);
			runOnlyForDeploymentPostprocessing = 0;
		};
/* End PBXSourcesBuildPhase section */

/* Begin XCBuildConfiguration section */
		29D5749829B2B3C9006723ED /* Debug */ = {
			isa = XCBuildConfiguration;
			buildSettings = {
				ALWAYS_SEARCH_USER_PATHS = NO;
				CLANG_ANALYZER_NONNULL = YES;
				CLANG_ANALYZER_NUMBER_OBJECT_CONVERSION = YES_AGGRESSIVE;
				CLANG_CXX_LANGUAGE_STANDARD = "gnu++20";
				CLANG_ENABLE_MODULES = YES;
				CLANG_ENABLE_OBJC_ARC = YES;
				CLANG_ENABLE_OBJC_WEAK = YES;
				CLANG_WARN_BLOCK_CAPTURE_AUTORELEASING = YES;
				CLANG_WARN_BOOL_CONVERSION = YES;
				CLANG_WARN_COMMA = YES;
				CLANG_WARN_CONSTANT_CONVERSION = YES;
				CLANG_WARN_DEPRECATED_OBJC_IMPLEMENTATIONS = YES;
				CLANG_WARN_DIRECT_OBJC_ISA_USAGE = YES_ERROR;
				CLANG_WARN_DOCUMENTATION_COMMENTS = YES;
				CLANG_WARN_EMPTY_BODY = YES;
				CLANG_WARN_ENUM_CONVERSION = YES;
				CLANG_WARN_INFINITE_RECURSION = YES;
				CLANG_WARN_INT_CONVERSION = YES;
				CLANG_WARN_NON_LITERAL_NULL_CONVERSION = YES;
				CLANG_WARN_OBJC_IMPLICIT_RETAIN_SELF = YES;
				CLANG_WARN_OBJC_LITERAL_CONVERSION = YES;
				CLANG_WARN_OBJC_ROOT_CLASS = YES_ERROR;
				CLANG_WARN_QUOTED_INCLUDE_IN_FRAMEWORK_HEADER = YES;
				CLANG_WARN_RANGE_LOOP_ANALYSIS = YES;
				CLANG_WARN_STRICT_PROTOTYPES = YES;
				CLANG_WARN_SUSPICIOUS_MOVE = YES;
				CLANG_WARN_UNGUARDED_AVAILABILITY = YES_AGGRESSIVE;
				CLANG_WARN_UNREACHABLE_CODE = YES;
				CLANG_WARN__DUPLICATE_METHOD_MATCH = YES;
				COPY_PHASE_STRIP = NO;
				DEBUG_INFORMATION_FORMAT = dwarf;
				ENABLE_STRICT_OBJC_MSGSEND = YES;
				ENABLE_TESTABILITY = YES;
				GCC_C_LANGUAGE_STANDARD = gnu11;
				GCC_DYNAMIC_NO_PIC = NO;
				GCC_NO_COMMON_BLOCKS = YES;
				GCC_OPTIMIZATION_LEVEL = 0;
				GCC_PREPROCESSOR_DEFINITIONS = (
					"DEBUG=1",
					"$(inherited)",
				);
				GCC_WARN_64_TO_32_BIT_CONVERSION = YES;
				GCC_WARN_ABOUT_RETURN_TYPE = YES_ERROR;
				GCC_WARN_UNDECLARED_SELECTOR = YES;
				GCC_WARN_UNINITIALIZED_AUTOS = YES_AGGRESSIVE;
				GCC_WARN_UNUSED_FUNCTION = YES;
				GCC_WARN_UNUSED_VARIABLE = YES;
				MACOSX_DEPLOYMENT_TARGET = 13.1;
				MTL_ENABLE_DEBUG_INFO = INCLUDE_SOURCE;
				MTL_FAST_MATH = YES;
				ONLY_ACTIVE_ARCH = YES;
				SDKROOT = macosx;
			};
			name = Debug;
		};
		29D5749929B2B3C9006723ED /* Release */ = {
			isa = XCBuildConfiguration;
			buildSettings = {
				ALWAYS_SEARCH_USER_PATHS = NO;
				CLANG_ANALYZER_NONNULL = YES;
				CLANG_ANALYZER_NUMBER_OBJECT_CONVERSION = YES_AGGRESSIVE;
				CLANG_CXX_LANGUAGE_STANDARD = "gnu++20";
				CLANG_ENABLE_MODULES = YES;
				CLANG_ENABLE_OBJC_ARC = YES;
				CLANG_ENABLE_OBJC_WEAK = YES;
				CLANG_WARN_BLOCK_CAPTURE_AUTORELEASING = YES;
				CLANG_WARN_BOOL_CONVERSION = YES;
				CLANG_WARN_COMMA = YES;
				CLANG_WARN_CONSTANT_CONVERSION = YES;
				CLANG_WARN_DEPRECATED_OBJC_IMPLEMENTATIONS = YES;
				CLANG_WARN_DIRECT_OBJC_ISA_USAGE = YES_ERROR;
				CLANG_WARN_DOCUMENTATION_COMMENTS = YES;
				CLANG_WARN_EMPTY_BODY = YES;
				CLANG_WARN_ENUM_CONVERSION = YES;
				CLANG_WARN_INFINITE_RECURSION = YES;
				CLANG_WARN_INT_CONVERSION = YES;
				CLANG_WARN_NON_LITERAL_NULL_CONVERSION = YES;
				CLANG_WARN_OBJC_IMPLICIT_RETAIN_SELF = YES;
				CLANG_WARN_OBJC_LITERAL_CONVERSION = YES;
				CLANG_WARN_OBJC_ROOT_CLASS = YES_ERROR;
				CLANG_WARN_QUOTED_INCLUDE_IN_FRAMEWORK_HEADER = YES;
				CLANG_WARN_RANGE_LOOP_ANALYSIS = YES;
				CLANG_WARN_STRICT_PROTOTYPES = YES;
				CLANG_WARN_SUSPICIOUS_MOVE = YES;
				CLANG_WARN_UNGUARDED_AVAILABILITY = YES_AGGRESSIVE;
				CLANG_WARN_UNREACHABLE_CODE = YES;
				CLANG_WARN__DUPLICATE_METHOD_MATCH = YES;
				COPY_PHASE_STRIP = NO;
				DEBUG_INFORMATION_FORMAT = "dwarf-with-dsym";
				ENABLE_NS_ASSERTIONS = NO;
				ENABLE_STRICT_OBJC_MSGSEND = YES;
				GCC_C_LANGUAGE_STANDARD = gnu11;
				GCC_NO_COMMON_BLOCKS = YES;
				GCC_WARN_64_TO_32_BIT_CONVERSION = YES;
				GCC_WARN_ABOUT_RETURN_TYPE = YES_ERROR;
				GCC_WARN_UNDECLARED_SELECTOR = YES;
				GCC_WARN_UNINITIALIZED_AUTOS = YES_AGGRESSIVE;
				GCC_WARN_UNUSED_FUNCTION = YES;
				GCC_WARN_UNUSED_VARIABLE = YES;
				MACOSX_DEPLOYMENT_TARGET = 13.1;
				MTL_ENABLE_DEBUG_INFO = NO;
				MTL_FAST_MATH = YES;
				SDKROOT = macosx;
			};
			name = Release;
		};
		29D5749B29B2B3C9006723ED /* Debug */ = {
			isa = XCBuildConfiguration;
			buildSettings = {
				CODE_SIGN_STYLE = Automatic;
				PRODUCT_NAME = "$(TARGET_NAME)";
			};
			name = Debug;
		};
		29D5749C29B2B3C9006723ED /* Release */ = {
			isa = XCBuildConfiguration;
			buildSettings = {
				CODE_SIGN_STYLE = Automatic;
				PRODUCT_NAME = "$(TARGET_NAME)";
			};
			name = Release;
		};
/* End XCBuildConfiguration section */

/* Begin XCConfigurationList section */
		29D5748E29B2B3C9006723ED /* Build configuration list for PBXProject "cweb" */ = {
			isa = XCConfigurationList;
			buildConfigurations = (
				29D5749829B2B3C9006723ED /* Debug */,
				29D5749929B2B3C9006723ED /* Release */,
			);
			defaultConfigurationIsVisible = 0;
			defaultConfigurationName = Release;
		};
		29D5749A29B2B3C9006723ED /* Build configuration list for PBXNativeTarget "cweb" */ = {
			isa = XCConfigurationList;
			buildConfigurations = (
				29D5749B29B2B3C9006723ED /* Debug */,
				29D5749C29B2B3C9006723ED /* Release */,
			);
			defaultConfigurationIsVisible = 0;
			defaultConfigurationName = Release;
		};
/* End XCConfigurationList section */
	};
	rootObject = 29D5748B29B2B3C9006723ED /* Project object */;
}
